<Solution>
  <Configurations>
    <Platform Name="Any CPU" />
    <Platform Name="ARM64" />
    <Platform Name="x64" />
    <Platform Name="x86" />
  </Configurations>
  <Folder Name="/.github/" />
  <Folder Name="/.github/workflows/"><File Path=".github/workflows/ci.yml" /></Folder>
  <Folder Name="/tests/">
    <Project Path="tests/Cpp/WUILiquidGlassDemo.Hlsl.vcxproj" Id="8bf9eaa4-ea72-409e-a9a9-f140f7540c9a" />
    <Project Path="tests/CSharp/HlslCSharpConsumer.csproj"><Platform Project="x64" /></Project>
    <Project Path="tests/CSharp/LiquidGlassConsumer/LiquidGlassConsumer.csproj"><Platform Project="x64" /></Project>
  </Folder>
  <Project Path="projection/WinUI.Composition.Hlsl.Projection.csproj">
    <Platform Solution="*|Any CPU" Project="x64" />
    <Platform Solution="*|ARM64" Project="ARM64" />
    <Platform Solution="*|x64" Project="x64" />
    <Platform Solution="*|x86" Project="x86" />
  </Project>
  <Project Path="projection/WinUI.LiquidGlass.Projection.csproj">
    <Platform Solution="*|Any CPU" Project="x64" />
    <Platform Solution="*|ARM64" Project="ARM64" />
    <Platform Solution="*|x64" Project="x64" />
    <Platform Solution="*|x86" Project="x86" />
  </Project>
  <Project Path="src/WinUI.Composition.Hlsl/WinUI.Composition.Hlsl.vcxproj" Id="52a0f546-89a6-4fd2-ba87-f8f06b5542a8" />
  <Project Path="src/WinUI.LiquidGlass/WinUI.LiquidGlass.vcxproj" Id="b3e53b4f-4751-4d13-8d10-4d77f6b8e3c9" />
</Solution>