<Solution>
  <Configurations>
    <Platform Name="Any CPU" />
    <Platform Name="x64" />
  </Configurations>
  <Project Path="projection/WinUI.Composition.Hlsl.Projection.csproj">
    <Platform Project="x64" />
  </Project><Project Path="src/WinUI.Composition.Hlsl/WinUI.Composition.Hlsl.vcxproj" Id="52a0f546-89a6-4fd2-ba87-f8f06b5542a8" />
</Solution>